
Microsoft Visual Studio Solution File, Format Version 9.00
# Visual Studio 2005
Project("{8BC9CEB8-8B4A-11D0-8D11-00A0C91BC942}") = "SIPped", "SIPped.vcproj", "{26C78237-A4F2-405E-A9A9-433447C94C21}"
EndProject
Project("{8BC9CEB8-8B4A-11D0-8D11-00A0C91BC942}") = "SIPpedTest", "UnitTest\SIPpedTest.vcproj", "{604E29AD-F531-4176-B9D6-9FBE1978EB37}"
EndProject
Global
	GlobalSection(SolutionConfigurationPlatforms) = preSolution
		Debug|Win32 = Debug|Win32
		Release|Win32 = Release|Win32
	EndGlobalSection
	GlobalSection(ProjectConfigurationPlatforms) = postSolution
		{26C78237-A4F2-405E-A9A9-433447C94C21}.Debug|Win32.ActiveCfg = Debug|Win32
		{26C78237-A4F2-405E-A9A9-433447C94C21}.Debug|Win32.Build.0 = Debug|Win32
		{26C78237-A4F2-405E-A9A9-433447C94C21}.Release|Win32.ActiveCfg = Release|Win32
		{26C78237-A4F2-405E-A9A9-433447C94C21}.Release|Win32.Build.0 = Release|Win32
		{604E29AD-F531-4176-B9D6-9FBE1978EB37}.Debug|Win32.ActiveCfg = Debug|Win32
		{604E29AD-F531-4176-B9D6-9FBE1978EB37}.Release|Win32.ActiveCfg = Release|Win32
		{604E29AD-F531-4176-B9D6-9FBE1978EB37}.Release|Win32.Build.0 = Release|Win32
	EndGlobalSection
	GlobalSection(SolutionProperties) = preSolution
		HideSolutionNode = FALSE
	EndGlobalSection
EndGlobal
